
Microsoft Visual Studio Solution File, Format Version 12.00
# Visual Studio Version 17
VisualStudioVersion = 17.8.34511.84
MinimumVisualStudioVersion = 10.0.40219.1
Project("{FAE04EC0-301F-11D3-BF4B-00C04F79EFBC}") = "JWT practise with asp dotnet 7", "JWT practise with asp dotnet 7\JWT practise with asp dotnet 7.csproj", "{1ADCADAF-0D4F-4B0F-8149-DCF044EEE32E}"
EndProject
Global
	GlobalSection(SolutionConfigurationPlatforms) = preSolution
		Debug|Any CPU = Debug|Any CPU
		Release|Any CPU = Release|Any CPU
	EndGlobalSection
	GlobalSection(ProjectConfigurationPlatforms) = postSolution
		{1ADCADAF-0D4F-4B0F-8149-DCF044EEE32E}.Debug|Any CPU.ActiveCfg = Debug|Any CPU
		{1ADCADAF-0D4F-4B0F-8149-DCF044EEE32E}.Debug|Any CPU.Build.0 = Debug|Any CPU
		{1ADCADAF-0D4F-4B0F-8149-DCF044EEE32E}.Release|Any CPU.ActiveCfg = Release|Any CPU
		{1ADCADAF-0D4F-4B0F-8149-DCF044EEE32E}.Release|Any CPU.Build.0 = Release|Any CPU
	EndGlobalSection
	GlobalSection(SolutionProperties) = preSolution
		HideSolutionNode = FALSE
	EndGlobalSection
	GlobalSection(ExtensibilityGlobals) = postSolution
		SolutionGuid = {F895C5AD-1BA8-40D2-9EF2-0301CC40C97B}
	EndGlobalSection
EndGlobal
